
Microsoft Visual Studio Solution File, Format Version 12.00
# Visual Studio Version 17
VisualStudioVersion = 17.14.36109.1 d17.14
MinimumVisualStudioVersion = 10.0.40219.1
Project("{FAE04EC0-301F-11D3-BF4B-00C04F79EFBC}") = "IMP.API", "IMP.API\IMP.API.csproj", "{CB3DC5A1-B008-4F73-8526-3147E85AD6F0}"
EndProject
Project("{FAE04EC0-301F-11D3-BF4B-00C04F79EFBC}") = "IMP.Service", "IMP.Service\IMP.Service.csproj", "{5AF27024-1B83-4531-ABFE-0590329C43E0}"
EndProject
Project("{FAE04EC0-301F-11D3-BF4B-00C04F79EFBC}") = "IMP.Repository", "IMP.Repository\IMP.Repository.csproj", "{A354DAA5-D566-4F7F-B6D6-89BB51DF0377}"
EndProject
Global
	GlobalSection(SolutionConfigurationPlatforms) = preSolution
		Debug|Any CPU = Debug|Any CPU
		Release|Any CPU = Release|Any CPU
	EndGlobalSection
	GlobalSection(ProjectConfigurationPlatforms) = postSolution
		{CB3DC5A1-B008-4F73-8526-3147E85AD6F0}.Debug|Any CPU.ActiveCfg = Debug|Any CPU
		{CB3DC5A1-B008-4F73-8526-3147E85AD6F0}.Debug|Any CPU.Build.0 = Debug|Any CPU
		{CB3DC5A1-B008-4F73-8526-3147E85AD6F0}.Release|Any CPU.ActiveCfg = Release|Any CPU
		{CB3DC5A1-B008-4F73-8526-3147E85AD6F0}.Release|Any CPU.Build.0 = Release|Any CPU
		{5AF27024-1B83-4531-ABFE-0590329C43E0}.Debug|Any CPU.ActiveCfg = Debug|Any CPU
		{5AF27024-1B83-4531-ABFE-0590329C43E0}.Debug|Any CPU.Build.0 = Debug|Any CPU
		{5AF27024-1B83-4531-ABFE-0590329C43E0}.Release|Any CPU.ActiveCfg = Release|Any CPU
		{5AF27024-1B83-4531-ABFE-0590329C43E0}.Release|Any CPU.Build.0 = Release|Any CPU
		{A354DAA5-D566-4F7F-B6D6-89BB51DF0377}.Debug|Any CPU.ActiveCfg = Debug|Any CPU
		{A354DAA5-D566-4F7F-B6D6-89BB51DF0377}.Debug|Any CPU.Build.0 = Debug|Any CPU
		{A354DAA5-D566-4F7F-B6D6-89BB51DF0377}.Release|Any CPU.ActiveCfg = Release|Any CPU
		{A354DAA5-D566-4F7F-B6D6-89BB51DF0377}.Release|Any CPU.Build.0 = Release|Any CPU
	EndGlobalSection
	GlobalSection(SolutionProperties) = preSolution
		HideSolutionNode = FALSE
	EndGlobalSection
	GlobalSection(ExtensibilityGlobals) = postSolution
		SolutionGuid = {ABB02CC8-D6EC-4E9A-B8F7-7CD0D4C53A83}
	EndGlobalSection
EndGlobal
